
Microsoft Visual Studio Solution File, Format Version 12.00
# Visual Studio Version 17
VisualStudioVersion = 17.0.31903.59
MinimumVisualStudioVersion = 10.0.40219.1
Project("{FAE04EC0-301F-11D3-BF4B-00C04F79EFBC}") = "DupDetector", "DupDetector\DupDetector.csproj", "{8FBA3262-8010-4632-9193-688DDECE06D0}"
EndProject
Project("{FAE04EC0-301F-11D3-BF4B-00C04F79EFBC}") = "DupDetector.Tests", "DupDetector.Tests\DupDetector.Tests.csproj", "{FB840ADD-1DAD-4878-8D5A-08645C8735BE}"
EndProject
Global
	GlobalSection(SolutionConfigurationPlatforms) = preSolution
		Debug|Any CPU = Debug|Any CPU
		Release|Any CPU = Release|Any CPU
	EndGlobalSection
	GlobalSection(SolutionProperties) = preSolution
		HideSolutionNode = FALSE
	EndGlobalSection
	GlobalSection(ProjectConfigurationPlatforms) = postSolution
		{8FBA3262-8010-4632-9193-688DDECE06D0}.Debug|Any CPU.ActiveCfg = Debug|Any CPU
		{8FBA3262-8010-4632-9193-688DDECE06D0}.Debug|Any CPU.Build.0 = Debug|Any CPU
		{8FBA3262-8010-4632-9193-688DDECE06D0}.Release|Any CPU.ActiveCfg = Release|Any CPU
		{8FBA3262-8010-4632-9193-688DDECE06D0}.Release|Any CPU.Build.0 = Release|Any CPU
		{FB840ADD-1DAD-4878-8D5A-08645C8735BE}.Debug|Any CPU.ActiveCfg = Debug|Any CPU
		{FB840ADD-1DAD-4878-8D5A-08645C8735BE}.Debug|Any CPU.Build.0 = Debug|Any CPU
		{FB840ADD-1DAD-4878-8D5A-08645C8735BE}.Release|Any CPU.ActiveCfg = Release|Any CPU
		{FB840ADD-1DAD-4878-8D5A-08645C8735BE}.Release|Any CPU.Build.0 = Release|Any CPU
	EndGlobalSection
EndGlobal
